
Microsoft Visual Studio Solution File, Format Version 12.00
# Visual Studio 2015
Project("{FAE04EC0-301F-11D3-BF4B-00C04F79EFBC}") = "HoloLensCannonSimulator.CSharp", "HoloLensCannonSimulator.CSharp.csproj", "{3B3E49D5-3140-AD85-0722-00EC22146BE4}"
EndProject
Project("{FAE04EC0-301F-11D3-BF4B-00C04F79EFBC}") = "HoloLensCannonSimulator.CSharp.Editor", "HoloLensCannonSimulator.CSharp.Editor.csproj", "{F5DEBD1C-C3AB-9E6E-2AC4-1341143337B2}"
EndProject
Global
	GlobalSection(SolutionConfigurationPlatforms) = preSolution
		Debug|Any CPU = Debug|Any CPU
		Release|Any CPU = Release|Any CPU
	EndGlobalSection
	GlobalSection(ProjectConfigurationPlatforms) = postSolution
		{3B3E49D5-3140-AD85-0722-00EC22146BE4}.Debug|Any CPU.ActiveCfg = Debug|Any CPU
		{3B3E49D5-3140-AD85-0722-00EC22146BE4}.Debug|Any CPU.Build.0 = Debug|Any CPU
		{3B3E49D5-3140-AD85-0722-00EC22146BE4}.Release|Any CPU.ActiveCfg = Release|Any CPU
		{3B3E49D5-3140-AD85-0722-00EC22146BE4}.Release|Any CPU.Build.0 = Release|Any CPU
		{F5DEBD1C-C3AB-9E6E-2AC4-1341143337B2}.Debug|Any CPU.ActiveCfg = Debug|Any CPU
		{F5DEBD1C-C3AB-9E6E-2AC4-1341143337B2}.Debug|Any CPU.Build.0 = Debug|Any CPU
		{F5DEBD1C-C3AB-9E6E-2AC4-1341143337B2}.Release|Any CPU.ActiveCfg = Release|Any CPU
		{F5DEBD1C-C3AB-9E6E-2AC4-1341143337B2}.Release|Any CPU.Build.0 = Release|Any CPU
	EndGlobalSection
	GlobalSection(SolutionProperties) = preSolution
		HideSolutionNode = FALSE
	EndGlobalSection
EndGlobal
