
Microsoft Visual Studio Solution File, Format Version 12.00
# Visual Studio 15
VisualStudioVersion = 15.0.26403.7
MinimumVisualStudioVersion = 10.0.40219.1
Project("{FAE04EC0-301F-11D3-BF4B-00C04F79EFBC}") = "CannonSim", "CannonSim\CannonSim.csproj", "{13A45C13-3265-47B8-BC48-A553B569DF55}"
EndProject
Project("{FAE04EC0-301F-11D3-BF4B-00C04F79EFBC}") = "Assembly-CSharp", "C:\Users\Austin\cygwin64\home\Austin\projects\hololens\CannonSim\App\GeneratedProjects\UWP\Assembly-CSharp\Assembly-CSharp.csproj", "{AF505E56-8E7A-436A-BC89-F34CE3E26613}"
EndProject
Project("{FAE04EC0-301F-11D3-BF4B-00C04F79EFBC}") = "Assembly-CSharp-firstpass", "C:\Users\Austin\cygwin64\home\Austin\projects\hololens\CannonSim\App\GeneratedProjects\UWP\Assembly-CSharp-firstpass\Assembly-CSharp-firstpass.csproj", "{ECCE47F8-7120-45F1-BB5C-115493B6016A}"
EndProject
Global
	GlobalSection(SolutionConfigurationPlatforms) = preSolution
		Debug|ARM = Debug|ARM
		Debug|x64 = Debug|x64
		Debug|x86 = Debug|x86
		Master|ARM = Master|ARM
		Master|x64 = Master|x64
		Master|x86 = Master|x86
		Release|ARM = Release|ARM
		Release|x64 = Release|x64
		Release|x86 = Release|x86
	EndGlobalSection
	GlobalSection(ProjectConfigurationPlatforms) = postSolution
		{13A45C13-3265-47B8-BC48-A553B569DF55}.Debug|ARM.ActiveCfg = Debug|ARM
		{13A45C13-3265-47B8-BC48-A553B569DF55}.Debug|ARM.Build.0 = Debug|ARM
		{13A45C13-3265-47B8-BC48-A553B569DF55}.Debug|ARM.Deploy.0 = Debug|ARM
		{13A45C13-3265-47B8-BC48-A553B569DF55}.Debug|x64.ActiveCfg = Debug|x64
		{13A45C13-3265-47B8-BC48-A553B569DF55}.Debug|x64.Build.0 = Debug|x64
		{13A45C13-3265-47B8-BC48-A553B569DF55}.Debug|x64.Deploy.0 = Debug|x64
		{13A45C13-3265-47B8-BC48-A553B569DF55}.Debug|x86.ActiveCfg = Debug|x86
		{13A45C13-3265-47B8-BC48-A553B569DF55}.Debug|x86.Build.0 = Debug|x86
		{13A45C13-3265-47B8-BC48-A553B569DF55}.Debug|x86.Deploy.0 = Debug|x86
		{13A45C13-3265-47B8-BC48-A553B569DF55}.Master|ARM.ActiveCfg = Master|ARM
		{13A45C13-3265-47B8-BC48-A553B569DF55}.Master|ARM.Build.0 = Master|ARM
		{13A45C13-3265-47B8-BC48-A553B569DF55}.Master|ARM.Deploy.0 = Master|ARM
		{13A45C13-3265-47B8-BC48-A553B569DF55}.Master|x64.ActiveCfg = Master|x64
		{13A45C13-3265-47B8-BC48-A553B569DF55}.Master|x64.Build.0 = Master|x64
		{13A45C13-3265-47B8-BC48-A553B569DF55}.Master|x64.Deploy.0 = Master|x64
		{13A45C13-3265-47B8-BC48-A553B569DF55}.Master|x86.ActiveCfg = Master|x86
		{13A45C13-3265-47B8-BC48-A553B569DF55}.Master|x86.Build.0 = Master|x86
		{13A45C13-3265-47B8-BC48-A553B569DF55}.Master|x86.Deploy.0 = Master|x86
		{13A45C13-3265-47B8-BC48-A553B569DF55}.Release|ARM.ActiveCfg = Release|ARM
		{13A45C13-3265-47B8-BC48-A553B569DF55}.Release|ARM.Build.0 = Release|ARM
		{13A45C13-3265-47B8-BC48-A553B569DF55}.Release|ARM.Deploy.0 = Release|ARM
		{13A45C13-3265-47B8-BC48-A553B569DF55}.Release|x64.ActiveCfg = Release|x64
		{13A45C13-3265-47B8-BC48-A553B569DF55}.Release|x64.Build.0 = Release|x64
		{13A45C13-3265-47B8-BC48-A553B569DF55}.Release|x64.Deploy.0 = Release|x64
		{13A45C13-3265-47B8-BC48-A553B569DF55}.Release|x86.ActiveCfg = Release|x86
		{13A45C13-3265-47B8-BC48-A553B569DF55}.Release|x86.Build.0 = Release|x86
		{13A45C13-3265-47B8-BC48-A553B569DF55}.Release|x86.Deploy.0 = Release|x86
		{AF505E56-8E7A-436A-BC89-F34CE3E26613}.Debug|ARM.ActiveCfg = Debug|ARM
		{AF505E56-8E7A-436A-BC89-F34CE3E26613}.Debug|ARM.Build.0 = Debug|ARM
		{AF505E56-8E7A-436A-BC89-F34CE3E26613}.Debug|x64.ActiveCfg = Debug|x64
		{AF505E56-8E7A-436A-BC89-F34CE3E26613}.Debug|x64.Build.0 = Debug|x64
		{AF505E56-8E7A-436A-BC89-F34CE3E26613}.Debug|x86.ActiveCfg = Debug|x86
		{AF505E56-8E7A-436A-BC89-F34CE3E26613}.Debug|x86.Build.0 = Debug|x86
		{AF505E56-8E7A-436A-BC89-F34CE3E26613}.Master|ARM.ActiveCfg = Master|ARM
		{AF505E56-8E7A-436A-BC89-F34CE3E26613}.Master|ARM.Build.0 = Master|ARM
		{AF505E56-8E7A-436A-BC89-F34CE3E26613}.Master|x64.ActiveCfg = Master|x64
		{AF505E56-8E7A-436A-BC89-F34CE3E26613}.Master|x64.Build.0 = Master|x64
		{AF505E56-8E7A-436A-BC89-F34CE3E26613}.Master|x86.ActiveCfg = Master|x86
		{AF505E56-8E7A-436A-BC89-F34CE3E26613}.Master|x86.Build.0 = Master|x86
		{AF505E56-8E7A-436A-BC89-F34CE3E26613}.Release|ARM.ActiveCfg = Release|ARM
		{AF505E56-8E7A-436A-BC89-F34CE3E26613}.Release|ARM.Build.0 = Release|ARM
		{AF505E56-8E7A-436A-BC89-F34CE3E26613}.Release|x64.ActiveCfg = Release|x64
		{AF505E56-8E7A-436A-BC89-F34CE3E26613}.Release|x64.Build.0 = Release|x64
		{AF505E56-8E7A-436A-BC89-F34CE3E26613}.Release|x86.ActiveCfg = Release|x86
		{AF505E56-8E7A-436A-BC89-F34CE3E26613}.Release|x86.Build.0 = Release|x86
		{ECCE47F8-7120-45F1-BB5C-115493B6016A}.Debug|ARM.ActiveCfg = Debug|ARM
		{ECCE47F8-7120-45F1-BB5C-115493B6016A}.Debug|ARM.Build.0 = Debug|ARM
		{ECCE47F8-7120-45F1-BB5C-115493B6016A}.Debug|x64.ActiveCfg = Debug|x64
		{ECCE47F8-7120-45F1-BB5C-115493B6016A}.Debug|x64.Build.0 = Debug|x64
		{ECCE47F8-7120-45F1-BB5C-115493B6016A}.Debug|x86.ActiveCfg = Debug|x86
		{ECCE47F8-7120-45F1-BB5C-115493B6016A}.Debug|x86.Build.0 = Debug|x86
		{ECCE47F8-7120-45F1-BB5C-115493B6016A}.Master|ARM.ActiveCfg = Master|ARM
		{ECCE47F8-7120-45F1-BB5C-115493B6016A}.Master|ARM.Build.0 = Master|ARM
		{ECCE47F8-7120-45F1-BB5C-115493B6016A}.Master|x64.ActiveCfg = Master|x64
		{ECCE47F8-7120-45F1-BB5C-115493B6016A}.Master|x64.Build.0 = Master|x64
		{ECCE47F8-7120-45F1-BB5C-115493B6016A}.Master|x86.ActiveCfg = Master|x86
		{ECCE47F8-7120-45F1-BB5C-115493B6016A}.Master|x86.Build.0 = Master|x86
		{ECCE47F8-7120-45F1-BB5C-115493B6016A}.Release|ARM.ActiveCfg = Release|ARM
		{ECCE47F8-7120-45F1-BB5C-115493B6016A}.Release|ARM.Build.0 = Release|ARM
		{ECCE47F8-7120-45F1-BB5C-115493B6016A}.Release|x64.ActiveCfg = Release|x64
		{ECCE47F8-7120-45F1-BB5C-115493B6016A}.Release|x64.Build.0 = Release|x64
		{ECCE47F8-7120-45F1-BB5C-115493B6016A}.Release|x86.ActiveCfg = Release|x86
		{ECCE47F8-7120-45F1-BB5C-115493B6016A}.Release|x86.Build.0 = Release|x86
	EndGlobalSection
	GlobalSection(SolutionProperties) = preSolution
		HideSolutionNode = FALSE
	EndGlobalSection
EndGlobal
